
Microsoft Visual Studio Solution File, Format Version 12.00
# Visual Studio 15
VisualStudioVersion = 15.0.26403.0
MinimumVisualStudioVersion = 10.0.40219.1
Project("{FAE04EC0-301F-11D3-BF4B-00C04F79EFBC}") = "DevOpsTestWebApp", "DevOpsTestWebApp\DevOpsTestWebApp.csproj", "{83D4751D-8318-43A8-B165-47B56E6B83E4}"
EndProject
Project("{FAE04EC0-301F-11D3-BF4B-00C04F79EFBC}") = "DevOpsTestWebApp.Tests", "DevOpsTestWebApp.Tests\DevOpsTestWebApp.Tests.csproj", "{D7CA59D7-3FEF-4CF9-ACF4-217A04B320FF}"
EndProject
Global
	GlobalSection(SolutionConfigurationPlatforms) = preSolution
		Debug|Any CPU = Debug|Any CPU
		Release|Any CPU = Release|Any CPU
	EndGlobalSection
	GlobalSection(ProjectConfigurationPlatforms) = postSolution
		{83D4751D-8318-43A8-B165-47B56E6B83E4}.Debug|Any CPU.ActiveCfg = Debug|Any CPU
		{83D4751D-8318-43A8-B165-47B56E6B83E4}.Debug|Any CPU.Build.0 = Debug|Any CPU
		{83D4751D-8318-43A8-B165-47B56E6B83E4}.Release|Any CPU.ActiveCfg = Release|Any CPU
		{83D4751D-8318-43A8-B165-47B56E6B83E4}.Release|Any CPU.Build.0 = Release|Any CPU
		{D7CA59D7-3FEF-4CF9-ACF4-217A04B320FF}.Debug|Any CPU.ActiveCfg = Debug|Any CPU
		{D7CA59D7-3FEF-4CF9-ACF4-217A04B320FF}.Debug|Any CPU.Build.0 = Debug|Any CPU
		{D7CA59D7-3FEF-4CF9-ACF4-217A04B320FF}.Release|Any CPU.ActiveCfg = Release|Any CPU
		{D7CA59D7-3FEF-4CF9-ACF4-217A04B320FF}.Release|Any CPU.Build.0 = Release|Any CPU
	EndGlobalSection
	GlobalSection(SolutionProperties) = preSolution
		HideSolutionNode = FALSE
	EndGlobalSection
EndGlobal
